// !$*UTF8*$!
{
	archiveVersion = 1;
	classes = {
	};
	objectVersion = 50;
	objects = {

/* Begin PBXBuildFile section */
		1B267D462469874600D7503C /* AppDelegate.swift in Sources */ = {isa = PBXBuildFile; fileRef = 1B267D452469874600D7503C /* AppDelegate.swift */; };
		1B267D482469874600D7503C /* SceneDelegate.swift in Sources */ = {isa = PBXBuildFile; fileRef = 1B267D472469874600D7503C /* SceneDelegate.swift */; };
		1B267D4A2469874600D7503C /* ContentView.swift in Sources */ = {isa = PBXBuildFile; fileRef = 1B267D492469874600D7503C /* ContentView.swift */; };
		1B267D4C2469874900D7503C /* Assets.xcassets in Resources */ = {isa = PBXBuildFile; fileRef = 1B267D4B2469874900D7503C /* Assets.xcassets */; };
		1B267D4F2469874900D7503C /* Preview Assets.xcassets in Resources */ = {isa = PBXBuildFile; fileRef = 1B267D4E2469874900D7503C /* Preview Assets.xcassets */; };
		1B267D522469874900D7503C /* LaunchScreen.storyboard in Resources */ = {isa = PBXBuildFile; fileRef = 1B267D502469874900D7503C /* LaunchScreen.storyboard */; };
		1B267D5D2469874900D7503C /* Test_CocoapodsTests.swift in Sources */ = {isa = PBXBuildFile; fileRef = 1B267D5C2469874900D7503C /* Test_CocoapodsTests.swift */; };
		1B267D682469874900D7503C /* Test_CocoapodsUITests.swift in Sources */ = {isa = PBXBuildFile; fileRef = 1B267D672469874900D7503C /* Test_CocoapodsUITests.swift */; };
/* End PBXBuildFile section */

/* Begin PBXContainerItemProxy section */
		1B267D592469874900D7503C /* PBXContainerItemProxy */ = {
			isa = PBXContainerItemProxy;
			containerPortal = 1B267D3A2469874600D7503C /* Project object */;
			proxyType = 1;
			remoteGlobalIDString = 1B267D412469874600D7503C;
			remoteInfo = "Test-Cocoapods";
		};
		1B267D642469874900D7503C /* PBXContainerItemProxy */ = {
			isa = PBXContainerItemProxy;
			containerPortal = 1B267D3A2469874600D7503C /* Project object */;
			proxyType = 1;
			remoteGlobalIDString = 1B267D412469874600D7503C;
			remoteInfo = "Test-Cocoapods";
		};
/* End PBXContainerItemProxy section */

/* Begin PBXFileReference section */
		1B267D422469874600D7503C /* Test-Cocoapods.app */ = {isa = PBXFileReference; explicitFileType = wrapper.application; includeInIndex = 0; path = "Test-Cocoapods.app"; sourceTree = BUILT_PRODUCTS_DIR; };
		1B267D452469874600D7503C /* AppDelegate.swift */ = {isa = PBXFileReference; lastKnownFileType = sourcecode.swift; path = AppDelegate.swift; sourceTree = "<group>"; };
		1B267D472469874600D7503C /* SceneDelegate.swift */ = {isa = PBXFileReference; lastKnownFileType = sourcecode.swift; path = SceneDelegate.swift; sourceTree = "<group>"; };
		1B267D492469874600D7503C /* ContentView.swift */ = {isa = PBXFileReference; lastKnownFileType = sourcecode.swift; path = ContentView.swift; sourceTree = "<group>"; };
		1B267D4B2469874900D7503C /* Assets.xcassets */ = {isa = PBXFileReference; lastKnownFileType = folder.assetcatalog; path = Assets.xcassets; sourceTree = "<group>"; };
		1B267D4E2469874900D7503C /* Preview Assets.xcassets */ = {isa = PBXFileReference; lastKnownFileType = folder.assetcatalog; path = "Preview Assets.xcassets"; sourceTree = "<group>"; };
		1B267D512469874900D7503C /* Base */ = {isa = PBXFileReference; lastKnownFileType = file.storyboard; name = Base; path = Base.lproj/LaunchScreen.storyboard; sourceTree = "<group>"; };
		1B267D532469874900D7503C /* Info.plist */ = {isa = PBXFileReference; lastKnownFileType = text.plist.xml; path = Info.plist; sourceTree = "<group>"; };
		1B267D582469874900D7503C /* Test-CocoapodsTests.xctest */ = {isa = PBXFileReference; explicitFileType = wrapper.cfbundle; includeInIndex = 0; path = "Test-CocoapodsTests.xctest"; sourceTree = BUILT_PRODUCTS_DIR; };
		1B267D5C2469874900D7503C /* Test_CocoapodsTests.swift */ = {isa = PBXFileReference; lastKnownFileType = sourcecode.swift; path = Test_CocoapodsTests.swift; sourceTree = "<group>"; };
		1B267D5E2469874900D7503C /* Info.plist */ = {isa = PBXFileReference; lastKnownFileType = text.plist.xml; path = Info.plist; sourceTree = "<group>"; };
		1B267D632469874900D7503C /* Test-CocoapodsUITests.xctest */ = {isa = PBXFileReference; explicitFileType = wrapper.cfbundle; includeInIndex = 0; path = "Test-CocoapodsUITests.xctest"; sourceTree = BUILT_PRODUCTS_DIR; };
		1B267D672469874900D7503C /* Test_CocoapodsUITests.swift */ = {isa = PBXFileReference; lastKnownFileType = sourcecode.swift; path = Test_CocoapodsUITests.swift; sourceTree = "<group>"; };
		1B267D692469874900D7503C /* Info.plist */ = {isa = PBXFileReference; lastKnownFileType = text.plist.xml; path = Info.plist; sourceTree = "<group>"; };
/* End PBXFileReference section */

/* Begin PBXFrameworksBuildPhase section */
		1B267D3F2469874600D7503C /* Frameworks */ = {
			isa = PBXFrameworksBuildPhase;
			buildActionMask = 2147483647;
			files = (
			);
			runOnlyForDeploymentPostprocessing = 0;
		};
		1B267D552469874900D7503C /* Frameworks */ = {
			isa = PBXFrameworksBuildPhase;
			buildActionMask = 2147483647;
			files = (
			);
			runOnlyForDeploymentPostprocessing = 0;
		};
		1B267D602469874900D7503C /* Frameworks */ = {
			isa = PBXFrameworksBuildPhase;
			buildActionMask = 2147483647;
			files = (
			);
			runOnlyForDeploymentPostprocessing = 0;
		};
/* End PBXFrameworksBuildPhase section */

/* Begin PBXGroup section */
		1B267D392469874600D7503C = {
			isa = PBXGroup;
			children = (
				1B267D442469874600D7503C /* Test-Cocoapods */,
				1B267D5B2469874900D7503C /* Test-CocoapodsTests */,
				1B267D662469874900D7503C /* Test-CocoapodsUITests */,
				1B267D432469874600D7503C /* Products */,
			);
			sourceTree = "<group>";
		};
		1B267D432469874600D7503C /* Products */ = {
			isa = PBXGroup;
			children = (
				1B267D422469874600D7503C /* Test-Cocoapods.app */,
				1B267D582469874900D7503C /* Test-CocoapodsTests.xctest */,
				1B267D632469874900D7503C /* Test-CocoapodsUITests.xctest */,
			);
			name = Products;
			sourceTree = "<group>";
		};
		1B267D442469874600D7503C /* Test-Cocoapods */ = {
			isa = PBXGroup;
			children = (
				1B267D452469874600D7503C /* AppDelegate.swift */,
				1B267D472469874600D7503C /* SceneDelegate.swift */,
				1B267D492469874600D7503C /* ContentView.swift */,
				1B267D4B2469874900D7503C /* Assets.xcassets */,
				1B267D502469874900D7503C /* LaunchScreen.storyboard */,
				1B267D532469874900D7503C /* Info.plist */,
				1B267D4D2469874900D7503C /* Preview Content */,
			);
			path = "Test-Cocoapods";
			sourceTree = "<group>";
		};
		1B267D4D2469874900D7503C /* Preview Content */ = {
			isa = PBXGroup;
			children = (
				1B267D4E2469874900D7503C /* Preview Assets.xcassets */,
			);
			path = "Preview Content";
			sourceTree = "<group>";
		};
		1B267D5B2469874900D7503C /* Test-CocoapodsTests */ = {
			isa = PBXGroup;
			children = (
				1B267D5C2469874900D7503C /* Test_CocoapodsTests.swift */,
				1B267D5E2469874900D7503C /* Info.plist */,
			);
			path = "Test-CocoapodsTests";
			sourceTree = "<group>";
		};
		1B267D662469874900D7503C /* Test-CocoapodsUITests */ = {
			isa = PBXGroup;
			children = (
				1B267D672469874900D7503C /* Test_CocoapodsUITests.swift */,
				1B267D692469874900D7503C /* Info.plist */,
			);
			path = "Test-CocoapodsUITests";
			sourceTree = "<group>";
		};
/* End PBXGroup section */

/* Begin PBXNativeTarget section */
		1B267D412469874600D7503C /* Test-Cocoapods */ = {
			isa = PBXNativeTarget;
			buildConfigurationList = 1B267D6C2469874900D7503C /* Build configuration list for PBXNativeTarget "Test-Cocoapods" */;
			buildPhases = (
				1B267D3E2469874600D7503C /* Sources */,
				1B267D3F2469874600D7503C /* Frameworks */,
				1B267D402469874600D7503C /* Resources */,
			);
			buildRules = (
			);
			dependencies = (
			);
			name = "Test-Cocoapods";
			productName = "Test-Cocoapods";
			productReference = 1B267D422469874600D7503C /* Test-Cocoapods.app */;
			productType = "com.apple.product-type.application";
		};
		1B267D572469874900D7503C /* Test-CocoapodsTests */ = {
			isa = PBXNativeTarget;
			buildConfigurationList = 1B267D6F2469874900D7503C /* Build configuration list for PBXNativeTarget "Test-CocoapodsTests" */;
			buildPhases = (
				1B267D542469874900D7503C /* Sources */,
				1B267D552469874900D7503C /* Frameworks */,
				1B267D562469874900D7503C /* Resources */,
			);
			buildRules = (
			);
			dependencies = (
				1B267D5A2469874900D7503C /* PBXTargetDependency */,
			);
			name = "Test-CocoapodsTests";
			productName = "Test-CocoapodsTests";
			productReference = 1B267D582469874900D7503C /* Test-CocoapodsTests.xctest */;
			productType = "com.apple.product-type.bundle.unit-test";
		};
		1B267D622469874900D7503C /* Test-CocoapodsUITests */ = {
			isa = PBXNativeTarget;
			buildConfigurationList = 1B267D722469874900D7503C /* Build configuration list for PBXNativeTarget "Test-CocoapodsUITests" */;
			buildPhases = (
				1B267D5F2469874900D7503C /* Sources */,
				1B267D602469874900D7503C /* Frameworks */,
				1B267D612469874900D7503C /* Resources */,
			);
			buildRules = (
			);
			dependencies = (
				1B267D652469874900D7503C /* PBXTargetDependency */,
			);
			name = "Test-CocoapodsUITests";
			productName = "Test-CocoapodsUITests";
			productReference = 1B267D632469874900D7503C /* Test-CocoapodsUITests.xctest */;
			productType = "com.apple.product-type.bundle.ui-testing";
		};
/* End PBXNativeTarget section */

/* Begin PBXProject section */
		1B267D3A2469874600D7503C /* Project object */ = {
			isa = PBXProject;
			attributes = {
				LastSwiftUpdateCheck = 1140;
				LastUpgradeCheck = 1140;
				ORGANIZATIONNAME = "Akos Birmacher";
				TargetAttributes = {
					1B267D412469874600D7503C = {
						CreatedOnToolsVersion = 11.4.1;
					};
					1B267D572469874900D7503C = {
						CreatedOnToolsVersion = 11.4.1;
						TestTargetID = 1B267D412469874600D7503C;
					};
					1B267D622469874900D7503C = {
						CreatedOnToolsVersion = 11.4.1;
						TestTargetID = 1B267D412469874600D7503C;
					};
				};
			};
			buildConfigurationList = 1B267D3D2469874600D7503C /* Build configuration list for PBXProject "Test-Cocoapods" */;
			compatibilityVersion = "Xcode 9.3";
			developmentRegion = en;
			hasScannedForEncodings = 0;
			knownRegions = (
				en,
				Base,
			);
			mainGroup = 1B267D392469874600D7503C;
			productRefGroup = 1B267D432469874600D7503C /* Products */;
			projectDirPath = "";
			projectRoot = "";
			targets = (
				1B267D412469874600D7503C /* Test-Cocoapods */,
				1B267D572469874900D7503C /* Test-CocoapodsTests */,
				1B267D622469874900D7503C /* Test-CocoapodsUITests */,
			);
		};
/* End PBXProject section */

/* Begin PBXResourcesBuildPhase section */
		1B267D402469874600D7503C /* Resources */ = {
			isa = PBXResourcesBuildPhase;
			buildActionMask = 2147483647;
			files = (
				1B267D522469874900D7503C /* LaunchScreen.storyboard in Resources */,
				1B267D4F2469874900D7503C /* Preview Assets.xcassets in Resources */,
				1B267D4C2469874900D7503C /* Assets.xcassets in Resources */,
			);
			runOnlyForDeploymentPostprocessing = 0;
		};
		1B267D562469874900D7503C /* Resources */ = {
			isa = PBXResourcesBuildPhase;
			buildActionMask = 2147483647;
			files = (
			);
			runOnlyForDeploymentPostprocessing = 0;
		};
		1B267D612469874900D7503C /* Resources */ = {
			isa = PBXResourcesBuildPhase;
			buildActionMask = 2147483647;
			files = (
			);
			runOnlyForDeploymentPostprocessing = 0;
		};
/* End PBXResourcesBuildPhase section */

/* Begin PBXSourcesBuildPhase section */
		1B267D3E2469874600D7503C /* Sources */ = {
			isa = PBXSourcesBuildPhase;
			buildActionMask = 2147483647;
			files = (
				1B267D462469874600D7503C /* AppDelegate.swift in Sources */,
				1B267D482469874600D7503C /* SceneDelegate.swift in Sources */,
				1B267D4A2469874600D7503C /* ContentView.swift in Sources */,
			);
			runOnlyForDeploymentPostprocessing = 0;
		};
		1B267D542469874900D7503C /* Sources */ = {
			isa = PBXSourcesBuildPhase;
			buildActionMask = 2147483647;
			files = (
				1B267D5D2469874900D7503C /* Test_CocoapodsTests.swift in Sources */,
			);
			runOnlyForDeploymentPostprocessing = 0;
		};
		1B267D5F2469874900D7503C /* Sources */ = {
			isa = PBXSourcesBuildPhase;
			buildActionMask = 2147483647;
			files = (
				1B267D682469874900D7503C /* Test_CocoapodsUITests.swift in Sources */,
			);
			runOnlyForDeploymentPostprocessing = 0;
		};
/* End PBXSourcesBuildPhase section */

/* Begin PBXTargetDependency section */
		1B267D5A2469874900D7503C /* PBXTargetDependency */ = {
			isa = PBXTargetDependency;
			target = 1B267D412469874600D7503C /* Test-Cocoapods */;
			targetProxy = 1B267D592469874900D7503C /* PBXContainerItemProxy */;
		};
		1B267D652469874900D7503C /* PBXTargetDependency */ = {
			isa = PBXTargetDependency;
			target = 1B267D412469874600D7503C /* Test-Cocoapods */;
			targetProxy = 1B267D642469874900D7503C /* PBXContainerItemProxy */;
		};
/* End PBXTargetDependency section */

/* Begin PBXVariantGroup section */
		1B267D502469874900D7503C /* LaunchScreen.storyboard */ = {
			isa = PBXVariantGroup;
			children = (
				1B267D512469874900D7503C /* Base */,
			);
			name = LaunchScreen.storyboard;
			sourceTree = "<group>";
		};
/* End PBXVariantGroup section */

/* Begin XCBuildConfiguration section */
		1B267D6A2469874900D7503C /* Debug */ = {
			isa = XCBuildConfiguration;
			buildSettings = {
				ALWAYS_SEARCH_USER_PATHS = NO;
				CLANG_ANALYZER_NONNULL = YES;
				CLANG_ANALYZER_NUMBER_OBJECT_CONVERSION = YES_AGGRESSIVE;
				CLANG_CXX_LANGUAGE_STANDARD = "gnu++14";
				CLANG_CXX_LIBRARY = "libc++";
				CLANG_ENABLE_MODULES = YES;
				CLANG_ENABLE_OBJC_ARC = YES;
				CLANG_ENABLE_OBJC_WEAK = YES;
				CLANG_WARN_BLOCK_CAPTURE_AUTORELEASING = YES;
				CLANG_WARN_BOOL_CONVERSION = YES;
				CLANG_WARN_COMMA = YES;
				CLANG_WARN_CONSTANT_CONVERSION = YES;
				CLANG_WARN_DEPRECATED_OBJC_IMPLEMENTATIONS = YES;
				CLANG_WARN_DIRECT_OBJC_ISA_USAGE = YES_ERROR;
				CLANG_WARN_DOCUMENTATION_COMMENTS = YES;
				CLANG_WARN_EMPTY_BODY = YES;
				CLANG_WARN_ENUM_CONVERSION = YES;
				CLANG_WARN_INFINITE_RECURSION = YES;
				CLANG_WARN_INT_CONVERSION = YES;
				CLANG_WARN_NON_LITERAL_NULL_CONVERSION = YES;
				CLANG_WARN_OBJC_IMPLICIT_RETAIN_SELF = YES;
				CLANG_WARN_OBJC_LITERAL_CONVERSION = YES;
				CLANG_WARN_OBJC_ROOT_CLASS = YES_ERROR;
				CLANG_WARN_RANGE_LOOP_ANALYSIS = YES;
				CLANG_WARN_STRICT_PROTOTYPES = YES;
				CLANG_WARN_SUSPICIOUS_MOVE = YES;
				CLANG_WARN_UNGUARDED_AVAILABILITY = YES_AGGRESSIVE;
				CLANG_WARN_UNREACHABLE_CODE = YES;
				CLANG_WARN__DUPLICATE_METHOD_MATCH = YES;
				COPY_PHASE_STRIP = NO;
				DEBUG_INFORMATION_FORMAT = dwarf;
				ENABLE_STRICT_OBJC_MSGSEND = YES;
				ENABLE_TESTABILITY = YES;
				GCC_C_LANGUAGE_STANDARD = gnu11;
				GCC_DYNAMIC_NO_PIC = NO;
				GCC_NO_COMMON_BLOCKS = YES;
				GCC_OPTIMIZATION_LEVEL = 0;
				GCC_PREPROCESSOR_DEFINITIONS = (
					"DEBUG=1",
					"$(inherited)",
				);
				GCC_WARN_64_TO_32_BIT_CONVERSION = YES;
				GCC_WARN_ABOUT_RETURN_TYPE = YES_ERROR;
				GCC_WARN_UNDECLARED_SELECTOR = YES;
				GCC_WARN_UNINITIALIZED_AUTOS = YES_AGGRESSIVE;
				GCC_WARN_UNUSED_FUNCTION = YES;
				GCC_WARN_UNUSED_VARIABLE = YES;
				IPHONEOS_DEPLOYMENT_TARGET = 13.4;
				MTL_ENABLE_DEBUG_INFO = INCLUDE_SOURCE;
				MTL_FAST_MATH = YES;
				ONLY_ACTIVE_ARCH = YES;
				SDKROOT = iphoneos;
				SWIFT_ACTIVE_COMPILATION_CONDITIONS = DEBUG;
				SWIFT_OPTIMIZATION_LEVEL = "-Onone";
			};
			name = Debug;
		};
		1B267D6B2469874900D7503C /* Release */ = {
			isa = XCBuildConfiguration;
			buildSettings = {
				ALWAYS_SEARCH_USER_PATHS = NO;
				CLANG_ANALYZER_NONNULL = YES;
				CLANG_ANALYZER_NUMBER_OBJECT_CONVERSION = YES_AGGRESSIVE;
				CLANG_CXX_LANGUAGE_STANDARD = "gnu++14";
				CLANG_CXX_LIBRARY = "libc++";
				CLANG_ENABLE_MODULES = YES;
				CLANG_ENABLE_OBJC_ARC = YES;
				CLANG_ENABLE_OBJC_WEAK = YES;
				CLANG_WARN_BLOCK_CAPTURE_AUTORELEASING = YES;
				CLANG_WARN_BOOL_CONVERSION = YES;
				CLANG_WARN_COMMA = YES;
				CLANG_WARN_CONSTANT_CONVERSION = YES;
				CLANG_WARN_DEPRECATED_OBJC_IMPLEMENTATIONS = YES;
				CLANG_WARN_DIRECT_OBJC_ISA_USAGE = YES_ERROR;
				CLANG_WARN_DOCUMENTATION_COMMENTS = YES;
				CLANG_WARN_EMPTY_BODY = YES;
				CLANG_WARN_ENUM_CONVERSION = YES;
				CLANG_WARN_INFINITE_RECURSION = YES;
				CLANG_WARN_INT_CONVERSION = YES;
				CLANG_WARN_NON_LITERAL_NULL_CONVERSION = YES;
				CLANG_WARN_OBJC_IMPLICIT_RETAIN_SELF = YES;
				CLANG_WARN_OBJC_LITERAL_CONVERSION = YES;
				CLANG_WARN_OBJC_ROOT_CLASS = YES_ERROR;
				CLANG_WARN_RANGE_LOOP_ANALYSIS = YES;
				CLANG_WARN_STRICT_PROTOTYPES = YES;
				CLANG_WARN_SUSPICIOUS_MOVE = YES;
				CLANG_WARN_UNGUARDED_AVAILABILITY = YES_AGGRESSIVE;
				CLANG_WARN_UNREACHABLE_CODE = YES;
				CLANG_WARN__DUPLICATE_METHOD_MATCH = YES;
				COPY_PHASE_STRIP = NO;
				DEBUG_INFORMATION_FORMAT = "dwarf-with-dsym";
				ENABLE_NS_ASSERTIONS = NO;
				ENABLE_STRICT_OBJC_MSGSEND = YES;
				GCC_C_LANGUAGE_STANDARD = gnu11;
				GCC_NO_COMMON_BLOCKS = YES;
				GCC_WARN_64_TO_32_BIT_CONVERSION = YES;
				GCC_WARN_ABOUT_RETURN_TYPE = YES_ERROR;
				GCC_WARN_UNDECLARED_SELECTOR = YES;
				GCC_WARN_UNINITIALIZED_AUTOS = YES_AGGRESSIVE;
				GCC_WARN_UNUSED_FUNCTION = YES;
				GCC_WARN_UNUSED_VARIABLE = YES;
				IPHONEOS_DEPLOYMENT_TARGET = 13.4;
				MTL_ENABLE_DEBUG_INFO = NO;
				MTL_FAST_MATH = YES;
				SDKROOT = iphoneos;
				SWIFT_COMPILATION_MODE = wholemodule;
				SWIFT_OPTIMIZATION_LEVEL = "-O";
				VALIDATE_PRODUCT = YES;
			};
			name = Release;
		};
		1B267D6D2469874900D7503C /* Debug */ = {
			isa = XCBuildConfiguration;
			buildSettings = {
				ASSETCATALOG_COMPILER_APPICON_NAME = AppIcon;
				CODE_SIGN_STYLE = Automatic;
				DEVELOPMENT_ASSET_PATHS = "\"Test-Cocoapods/Preview Content\"";
				DEVELOPMENT_TEAM = 72SA8V3WYL;
				ENABLE_PREVIEWS = YES;
				INFOPLIST_FILE = "Test-Cocoapods/Info.plist";
				LD_RUNPATH_SEARCH_PATHS = (
					"$(inherited)",
					"@executable_path/Frameworks",
				);
				PRODUCT_BUNDLE_IDENTIFIER = "bitrise.Test-Cocoapods";
				PRODUCT_NAME = "$(TARGET_NAME)";
				SWIFT_VERSION = 5.0;
				TARGETED_DEVICE_FAMILY = "1,2";
			};
			name = Debug;
		};
		1B267D6E2469874900D7503C /* Release */ = {
			isa = XCBuildConfiguration;
			buildSettings = {
				ASSETCATALOG_COMPILER_APPICON_NAME = AppIcon;
				CODE_SIGN_STYLE = Automatic;
				DEVELOPMENT_ASSET_PATHS = "\"Test-Cocoapods/Preview Content\"";
				DEVELOPMENT_TEAM = 72SA8V3WYL;
				ENABLE_PREVIEWS = YES;
				INFOPLIST_FILE = "Test-Cocoapods/Info.plist";
				LD_RUNPATH_SEARCH_PATHS = (
					"$(inherited)",
					"@executable_path/Frameworks",
				);
				PRODUCT_BUNDLE_IDENTIFIER = "bitrise.Test-Cocoapods";
				PRODUCT_NAME = "$(TARGET_NAME)";
				SWIFT_VERSION = 5.0;
				TARGETED_DEVICE_FAMILY = "1,2";
			};
			name = Release;
		};
		1B267D702469874900D7503C /* Debug */ = {
			isa = XCBuildConfiguration;
			buildSettings = {
				ALWAYS_EMBED_SWIFT_STANDARD_LIBRARIES = YES;
				BUNDLE_LOADER = "$(TEST_HOST)";
				CODE_SIGN_STYLE = Automatic;
				DEVELOPMENT_TEAM = 72SA8V3WYL;
				INFOPLIST_FILE = "Test-CocoapodsTests/Info.plist";
				IPHONEOS_DEPLOYMENT_TARGET = 13.4;
				LD_RUNPATH_SEARCH_PATHS = (
					"$(inherited)",
					"@executable_path/Frameworks",
					"@loader_path/Frameworks",
				);
				PRODUCT_BUNDLE_IDENTIFIER = "bitrise.Test-CocoapodsTests";
				PRODUCT_NAME = "$(TARGET_NAME)";
				SWIFT_VERSION = 5.0;
				TARGETED_DEVICE_FAMILY = "1,2";
				TEST_HOST = "$(BUILT_PRODUCTS_DIR)/Test-Cocoapods.app/Test-Cocoapods";
			};
			name = Debug;
		};
		1B267D712469874900D7503C /* Release */ = {
			isa = XCBuildConfiguration;
			buildSettings = {
				ALWAYS_EMBED_SWIFT_STANDARD_LIBRARIES = YES;
				BUNDLE_LOADER = "$(TEST_HOST)";
				CODE_SIGN_STYLE = Automatic;
				DEVELOPMENT_TEAM = 72SA8V3WYL;
				INFOPLIST_FILE = "Test-CocoapodsTests/Info.plist";
				IPHONEOS_DEPLOYMENT_TARGET = 13.4;
				LD_RUNPATH_SEARCH_PATHS = (
					"$(inherited)",
					"@executable_path/Frameworks",
					"@loader_path/Frameworks",
				);
				PRODUCT_BUNDLE_IDENTIFIER = "bitrise.Test-CocoapodsTests";
				PRODUCT_NAME = "$(TARGET_NAME)";
				SWIFT_VERSION = 5.0;
				TARGETED_DEVICE_FAMILY = "1,2";
				TEST_HOST = "$(BUILT_PRODUCTS_DIR)/Test-Cocoapods.app/Test-Cocoapods";
			};
			name = Release;
		};
		1B267D732469874900D7503C /* Debug */ = {
			isa = XCBuildConfiguration;
			buildSettings = {
				ALWAYS_EMBED_SWIFT_STANDARD_LIBRARIES = YES;
				CODE_SIGN_STYLE = Automatic;
				DEVELOPMENT_TEAM = 72SA8V3WYL;
				INFOPLIST_FILE = "Test-CocoapodsUITests/Info.plist";
				LD_RUNPATH_SEARCH_PATHS = (
					"$(inherited)",
					"@executable_path/Frameworks",
					"@loader_path/Frameworks",
				);
				PRODUCT_BUNDLE_IDENTIFIER = "bitrise.Test-CocoapodsUITests";
				PRODUCT_NAME = "$(TARGET_NAME)";
				SWIFT_VERSION = 5.0;
				TARGETED_DEVICE_FAMILY = "1,2";
				TEST_TARGET_NAME = "Test-Cocoapods";
			};
			name = Debug;
		};
		1B267D742469874900D7503C /* Release */ = {
			isa = XCBuildConfiguration;
			buildSettings = {
				ALWAYS_EMBED_SWIFT_STANDARD_LIBRARIES = YES;
				CODE_SIGN_STYLE = Automatic;
				DEVELOPMENT_TEAM = 72SA8V3WYL;
				INFOPLIST_FILE = "Test-CocoapodsUITests/Info.plist";
				LD_RUNPATH_SEARCH_PATHS = (
					"$(inherited)",
					"@executable_path/Frameworks",
					"@loader_path/Frameworks",
				);
				PRODUCT_BUNDLE_IDENTIFIER = "bitrise.Test-CocoapodsUITests";
				PRODUCT_NAME = "$(TARGET_NAME)";
				SWIFT_VERSION = 5.0;
				TARGETED_DEVICE_FAMILY = "1,2";
				TEST_TARGET_NAME = "Test-Cocoapods";
			};
			name = Release;
		};
/* End XCBuildConfiguration section */

/* Begin XCConfigurationList section */
		1B267D3D2469874600D7503C /* Build configuration list for PBXProject "Test-Cocoapods" */ = {
			isa = XCConfigurationList;
			buildConfigurations = (
				1B267D6A2469874900D7503C /* Debug */,
				1B267D6B2469874900D7503C /* Release */,
			);
			defaultConfigurationIsVisible = 0;
			defaultConfigurationName = Release;
		};
		1B267D6C2469874900D7503C /* Build configuration list for PBXNativeTarget "Test-Cocoapods" */ = {
			isa = XCConfigurationList;
			buildConfigurations = (
				1B267D6D2469874900D7503C /* Debug */,
				1B267D6E2469874900D7503C /* Release */,
			);
			defaultConfigurationIsVisible = 0;
			defaultConfigurationName = Release;
		};
		1B267D6F2469874900D7503C /* Build configuration list for PBXNativeTarget "Test-CocoapodsTests" */ = {
			isa = XCConfigurationList;
			buildConfigurations = (
				1B267D702469874900D7503C /* Debug */,
				1B267D712469874900D7503C /* Release */,
			);
			defaultConfigurationIsVisible = 0;
			defaultConfigurationName = Release;
		};
		1B267D722469874900D7503C /* Build configuration list for PBXNativeTarget "Test-CocoapodsUITests" */ = {
			isa = XCConfigurationList;
			buildConfigurations = (
				1B267D732469874900D7503C /* Debug */,
				1B267D742469874900D7503C /* Release */,
			);
			defaultConfigurationIsVisible = 0;
			defaultConfigurationName = Release;
		};
/* End XCConfigurationList section */
	};
	rootObject = 1B267D3A2469874600D7503C /* Project object */;
}
