PODS:
  - IQKeyboardManagerSwift (6.5.5)

DEPENDENCIES:
  - IQKeyboardManagerSwift (~> 6.5)

SPEC REPOS:
  trunk:
    - IQKeyboardManagerSwift

SPEC CHECKSUMS:
  IQKeyboardManagerSwift: 0fb93310284665245591f50f7a5e38de615960b7

PODFILE CHECKSUM: d1bab4e69fa480667c39b8bccf2b7960bd26f045

COCOAPODS: 1.8.4
